Microsoft Visual Studio Solution File, Format Version 12.00
# Visual Studio Version 17
VisualStudioVersion = 17.0.32112.339
MinimumVisualStudioVersion = 10.0.40219.1
Project("{2150E333-8FDC-42A3-9474-1A3956D46DE8}") = "src", "src", "{59116F8B-C606-4EB6-8F5B-F248FB5AFEF9}"
EndProject
Project("{2150E333-8FDC-42A3-9474-1A3956D46DE8}") = "tests", "tests", "{F87A6C7E-B3F8-4256-9A35-836AB9A8A064}"
EndProject
Project("{9A19103F-16F7-4668-BE54-9A1E7A4F7556}") = "PanMoq.Fixturing.Primitives", "src\PanMoq.Fixturing.Primitives\PanMoq.Fixturing.Primitives.csproj", "{8C4B4632-FB68-49A1-BBD7-6EB7E28E4DF4}"
EndProject
Project("{9A19103F-16F7-4668-BE54-9A1E7A4F7556}") = "PanMoq.Fixturing.Moq", "src\PanMoq.Fixturing.Moq\PanMoq.Fixturing.Moq.csproj", "{6658BE76-0056-4F98-8A8D-783E1A7060F2}"
EndProject
Project("{9A19103F-16F7-4668-BE54-9A1E7A4F7556}") = "PanMoq.Fixturing.AutoFixture", "src\PanMoq.Fixturing.AutoFixture\PanMoq.Fixturing.AutoFixture.csproj", "{DA0C195E-4275-416C-BE3A-2AE6AFF6AF72}"
EndProject
Project("{9A19103F-16F7-4668-BE54-9A1E7A4F7556}") = "PanMoq", "src\PanMoq\PanMoq.csproj", "{F909D4A4-670A-4AC7-8BA6-FDA98EDD3264}"
EndProject
Project("{9A19103F-16F7-4668-BE54-9A1E7A4F7556}") = "PanMoq.AutoMoq", "src\PanMoq.AutoMoq\PanMoq.AutoMoq.csproj", "{81758DA1-7321-40F1-9552-F6F645BDF2A4}"
EndProject
Project("{2150E333-8FDC-42A3-9474-1A3956D46DE8}") = "Solution Items", "Solution Items", "{9964346D-6124-443F-88E8-85BB2778DE53}"
	ProjectSection(SolutionItems) = preProject
		.editorconfig = .editorconfig
	EndProjectSection
EndProject
Project("{9A19103F-16F7-4668-BE54-9A1E7A4F7556}") = "PanMoq.TargetExamples.ClassLibrary", "tests\PanMoq.TargetExamples.ClassLibrary\PanMoq.TargetExamples.ClassLibrary.csproj", "{02E274AE-E735-419D-88A6-50B4A0160636}"
EndProject
Project("{9A19103F-16F7-4668-BE54-9A1E7A4F7556}") = "PanMoq.TargetExamples.ClassLibrary.Tests", "tests\PanMoq.TargetExamples.ClassLibrary.Tests\PanMoq.TargetExamples.ClassLibrary.Tests.csproj", "{CB4452DD-CB86-4908-814E-551AACC9597C}"
EndProject
Global
	GlobalSection(SolutionConfigurationPlatforms) = preSolution
		Debug|Any CPU = Debug|Any CPU
		Release|Any CPU = Release|Any CPU
		Verify|Any CPU = Verify|Any CPU
	EndGlobalSection
	GlobalSection(ProjectConfigurationPlatforms) = postSolution
		{8C4B4632-FB68-49A1-BBD7-6EB7E28E4DF4}.Debug|Any CPU.ActiveCfg = Debug|Any CPU
		{8C4B4632-FB68-49A1-BBD7-6EB7E28E4DF4}.Debug|Any CPU.Build.0 = Debug|Any CPU
		{8C4B4632-FB68-49A1-BBD7-6EB7E28E4DF4}.Release|Any CPU.ActiveCfg = Release|Any CPU
		{8C4B4632-FB68-49A1-BBD7-6EB7E28E4DF4}.Release|Any CPU.Build.0 = Release|Any CPU
		{8C4B4632-FB68-49A1-BBD7-6EB7E28E4DF4}.Verify|Any CPU.ActiveCfg = Release|Any CPU
		{8C4B4632-FB68-49A1-BBD7-6EB7E28E4DF4}.Verify|Any CPU.Build.0 = Release|Any CPU
		{6658BE76-0056-4F98-8A8D-783E1A7060F2}.Debug|Any CPU.ActiveCfg = Debug|Any CPU
		{6658BE76-0056-4F98-8A8D-783E1A7060F2}.Debug|Any CPU.Build.0 = Debug|Any CPU
		{6658BE76-0056-4F98-8A8D-783E1A7060F2}.Release|Any CPU.ActiveCfg = Release|Any CPU
		{6658BE76-0056-4F98-8A8D-783E1A7060F2}.Release|Any CPU.Build.0 = Release|Any CPU
		{6658BE76-0056-4F98-8A8D-783E1A7060F2}.Verify|Any CPU.ActiveCfg = Release|Any CPU
		{6658BE76-0056-4F98-8A8D-783E1A7060F2}.Verify|Any CPU.Build.0 = Release|Any CPU
		{DA0C195E-4275-416C-BE3A-2AE6AFF6AF72}.Debug|Any CPU.ActiveCfg = Debug|Any CPU
		{DA0C195E-4275-416C-BE3A-2AE6AFF6AF72}.Debug|Any CPU.Build.0 = Debug|Any CPU
		{DA0C195E-4275-416C-BE3A-2AE6AFF6AF72}.Release|Any CPU.ActiveCfg = Release|Any CPU
		{DA0C195E-4275-416C-BE3A-2AE6AFF6AF72}.Release|Any CPU.Build.0 = Release|Any CPU
		{DA0C195E-4275-416C-BE3A-2AE6AFF6AF72}.Verify|Any CPU.ActiveCfg = Release|Any CPU
		{DA0C195E-4275-416C-BE3A-2AE6AFF6AF72}.Verify|Any CPU.Build.0 = Release|Any CPU
		{F909D4A4-670A-4AC7-8BA6-FDA98EDD3264}.Debug|Any CPU.ActiveCfg = Debug|Any CPU
		{F909D4A4-670A-4AC7-8BA6-FDA98EDD3264}.Debug|Any CPU.Build.0 = Debug|Any CPU
		{F909D4A4-670A-4AC7-8BA6-FDA98EDD3264}.Release|Any CPU.ActiveCfg = Release|Any CPU
		{F909D4A4-670A-4AC7-8BA6-FDA98EDD3264}.Release|Any CPU.Build.0 = Release|Any CPU
		{F909D4A4-670A-4AC7-8BA6-FDA98EDD3264}.Verify|Any CPU.ActiveCfg = Release|Any CPU
		{F909D4A4-670A-4AC7-8BA6-FDA98EDD3264}.Verify|Any CPU.Build.0 = Release|Any CPU
		{81758DA1-7321-40F1-9552-F6F645BDF2A4}.Debug|Any CPU.ActiveCfg = Debug|Any CPU
		{81758DA1-7321-40F1-9552-F6F645BDF2A4}.Debug|Any CPU.Build.0 = Debug|Any CPU
		{81758DA1-7321-40F1-9552-F6F645BDF2A4}.Release|Any CPU.ActiveCfg = Release|Any CPU
		{81758DA1-7321-40F1-9552-F6F645BDF2A4}.Release|Any CPU.Build.0 = Release|Any CPU
		{81758DA1-7321-40F1-9552-F6F645BDF2A4}.Verify|Any CPU.ActiveCfg = Release|Any CPU
		{81758DA1-7321-40F1-9552-F6F645BDF2A4}.Verify|Any CPU.Build.0 = Release|Any CPU
		{02E274AE-E735-419D-88A6-50B4A0160636}.Debug|Any CPU.ActiveCfg = Debug|Any CPU
		{02E274AE-E735-419D-88A6-50B4A0160636}.Debug|Any CPU.Build.0 = Debug|Any CPU
		{02E274AE-E735-419D-88A6-50B4A0160636}.Release|Any CPU.ActiveCfg = Release|Any CPU
		{02E274AE-E735-419D-88A6-50B4A0160636}.Release|Any CPU.Build.0 = Release|Any CPU
		{02E274AE-E735-419D-88A6-50B4A0160636}.Verify|Any CPU.ActiveCfg = Debug|Any CPU
		{02E274AE-E735-419D-88A6-50B4A0160636}.Verify|Any CPU.Build.0 = Debug|Any CPU
		{CB4452DD-CB86-4908-814E-551AACC9597C}.Debug|Any CPU.ActiveCfg = Debug|Any CPU
		{CB4452DD-CB86-4908-814E-551AACC9597C}.Debug|Any CPU.Build.0 = Debug|Any CPU
		{CB4452DD-CB86-4908-814E-551AACC9597C}.Release|Any CPU.ActiveCfg = Release|Any CPU
		{CB4452DD-CB86-4908-814E-551AACC9597C}.Release|Any CPU.Build.0 = Release|Any CPU
		{CB4452DD-CB86-4908-814E-551AACC9597C}.Verify|Any CPU.ActiveCfg = Debug|Any CPU
		{CB4452DD-CB86-4908-814E-551AACC9597C}.Verify|Any CPU.Build.0 = Debug|Any CPU
	EndGlobalSection
	GlobalSection(SolutionProperties) = preSolution
		HideSolutionNode = FALSE
	EndGlobalSection
	GlobalSection(NestedProjects) = preSolution
		{8C4B4632-FB68-49A1-BBD7-6EB7E28E4DF4} = {59116F8B-C606-4EB6-8F5B-F248FB5AFEF9}
		{6658BE76-0056-4F98-8A8D-783E1A7060F2} = {59116F8B-C606-4EB6-8F5B-F248FB5AFEF9}
		{DA0C195E-4275-416C-BE3A-2AE6AFF6AF72} = {59116F8B-C606-4EB6-8F5B-F248FB5AFEF9}
		{F909D4A4-670A-4AC7-8BA6-FDA98EDD3264} = {59116F8B-C606-4EB6-8F5B-F248FB5AFEF9}
		{81758DA1-7321-40F1-9552-F6F645BDF2A4} = {59116F8B-C606-4EB6-8F5B-F248FB5AFEF9}
		{02E274AE-E735-419D-88A6-50B4A0160636} = {F87A6C7E-B3F8-4256-9A35-836AB9A8A064}
		{CB4452DD-CB86-4908-814E-551AACC9597C} = {F87A6C7E-B3F8-4256-9A35-836AB9A8A064}
	EndGlobalSection
	GlobalSection(ExtensibilityGlobals) = postSolution
		SolutionGuid = {0E2B7E20-7A2D-4922-A342-94CD9BBAFCDA}
	EndGlobalSection
EndGlobal
